{
    "_meta": {
        "hash": {
            "sha256": "626b8198a35964ffcdc9067df7aa435d7121286855b3e4b2d6fe28535e26bd6b"
        },
        "pipfile-spec": 6,
        "requires": {
            "python_version": "3.6"
        },
        "sources": [
            {
                "name": "pypi",
                "url": "http://pypi.douban.com/simple/",
                "verify_ssl": false
            }
        ]
    },
    "default": {
        "beautifulsoup4": {
            "hashes": [
                "sha256:194ec62a25438adcb3fdb06378b26559eda1ea8a747367d34c33cef9c7f48d57",
                "sha256:90f8e61121d6ae58362ce3bed8cd997efb00c914eae0ff3d363c32f9a9822d10",
                "sha256:f0abd31228055d698bb392a826528ea08ebb9959e6bea17c606fd9c9009db938"
            ],
            "version": "==4.6.3"
        },
        "bs4": {
            "hashes": [
                "sha256:36ecea1fd7cc5c0c6e4a1ff075df26d50da647b75376626cc186e2212886dd3a"
            ],
            "index": "pypi",
            "version": "==0.0.1"
        },
        "click": {
            "hashes": [
                "sha256:2335065e6395b9e67ca716de5f7526736bfa6ceead690adf616d925bdc622b13",
                "sha256:5b94b49521f6456670fdb30cd82a4eca9412788a93fa6dd6df72c94d5a8ff2d7"
            ],
            "index": "pypi",
            "version": "==7.0"
        },
        "dukpy": {
            "hashes": [
                "sha256:10c47bd030c4e224788496d57aef59762fd1531049db3b178a76f9fd708089b5",
                "sha256:111ba2a22465002bbfb6572fd28f81c7c3222bdb566215ef81104bff9357caae",
                "sha256:296f6c1529ad03722cd1edc5f4bdf0a59b54ed6d7fa6e766c2765dc31a089804",
                "sha256:2e62bb46ba6f1dc45f723a487d4c3ee2fe49502b031fcdfe7dba412243402abe",
                "sha256:32b1555346cd5f6695534f6a15d78d783cb4a8a081c43ca6e3ff4566b14732ef",
                "sha256:3889a8044224d8422555f4b00926a3f1ed1ede2324378f52575bd636823c6747",
                "sha256:3b2c868920a43d007985bca459a4bd165597e2aa7d0dad021d4c33cf6611a476",
                "sha256:411ba7fb244bc1615c26b6b831662b0127d2213e094f65988f5211a0e1de0557",
                "sha256:52099282c36e36548a00ce1af078b537061682713d771511160c957e4423713a",
                "sha256:6277b2b36c1cc4d372d7875491eb3db8907123844e0b54af74dab0f7d02ce533",
                "sha256:7bc227439fdc9eabed11f4cded336b5f5c4a2796dcb95a071cd03cb9fe194b59",
                "sha256:7be7ccb621879ac4b409a4a5b691eeafd247916072cb6aa39e47326d020b18b8",
                "sha256:7cf6fa0931fe0732a9f5857dcf144d8d96c1f7b96fef481bef7c9a9c367083fb",
                "sha256:a6ad1b26c3e54b0f60616ddadade1382a7b669dd4fc6e095c83b2b6b8e016833",
                "sha256:a80833e057e65de73dad6bc396d6aaa4d23683f87efe2483cd969ff3c9279aff",
                "sha256:b0b1b529fcdc296a92e81d80b3b52ed6365ebf7edabf8aaabac5c256e36f39b8",
                "sha256:b5c833e59e0d0992a8a3b5d73e0f3aaf33a32412db85c6c303feac0357e04228",
                "sha256:b7fee6d6400e0e82d75edf5a4266394674805bc5251e01b554cb3ad2a031ee88",
                "sha256:bbd4abb6457cc08616bc869ac83cedd5f46f2ef8d0081c86940cdca9ebea07ae",
                "sha256:c165f452bb2a565ff7082e1a2f17a84c5355a5a3146147ab686fe6c12d1ce04e",
                "sha256:c64b2ad3031259688cbc5d535d75c22a4e541c251ed9c7c53f41fb06ad704840",
                "sha256:ddaaa9e9fa06e44523d36af98ccd3416cb61ffa0eeae4e763c7e0876887346be",
                "sha256:f82842f38904a97981c86221a13634b9f5ebc44ffd1aa2d734300608b4b1aaf8",
                "sha256:f8a526ec733b405e366f59c376530ce9f59797bbe6933a0ad6945628fad04626",
                "sha256:f9c63a0f7ae7696c4cba863e1cc45fb6c05b8f00c90eef2c2318dbea36ec3e90"
            ],
            "version": "==0.2.2"
        },
        "future": {
            "hashes": [
                "sha256:67045236dcfd6816dc439556d009594abf643e5eb48992e36beac09c2ca659b8"
            ],
            "version": "==0.17.1"
        },
        "javascripthon": {
            "hashes": [
                "sha256:95fc362624513c5f0ec0ee0f355cf26807621da6fb94af94b0cf0ed313e4e957"
            ],
            "markers": "python_version > '3.4'",
            "version": "==0.10"
        },
        "jinja2": {
            "hashes": [
                "sha256:74c935a1b8bb9a3947c50a54766a969d4846290e1e788ea44c1392163723c3bd",
                "sha256:f84be1bb0040caca4cea721fcbbbbd61f9be9464ca236387158b0feea01914a4"
            ],
            "version": "==2.10"
        },
        "jupyter-echarts-pypkg": {
            "hashes": [
                "sha256:e2043280aae6c4e4e2923f5c3b46544e4f1557e9e8a0c960195fae13ee9af05b"
            ],
            "version": "==0.1.2"
        },
        "lml": {
            "hashes": [
                "sha256:b01e5ce68d767aacac8c856f14a5cd01229c2bf1e17992af800dc879b349f570",
                "sha256:be66096d0c845bcabbbcaf772b2ba21e9cdb6e23e88b6cb32613fa8d89d535a9"
            ],
            "version": "==0.0.2"
        },
        "macropy3": {
            "hashes": [
                "sha256:7a8eae9886ea4a5df4fcf4f71f53165b82becfc7fc87d9c1c8cd2196f22d9408"
            ],
            "version": "==1.1.0b2"
        },
        "markupsafe": {
            "hashes": [
                "sha256:048ef924c1623740e70204aa7143ec592504045ae4429b59c30054cb31e3c432",
                "sha256:130f844e7f5bdd8e9f3f42e7102ef1d49b2e6fdf0d7526df3f87281a532d8c8b",
                "sha256:19f637c2ac5ae9da8bfd98cef74d64b7e1bb8a63038a3505cd182c3fac5eb4d9",
                "sha256:1b8a7a87ad1b92bd887568ce54b23565f3fd7018c4180136e1cf412b405a47af",
                "sha256:1c25694ca680b6919de53a4bb3bdd0602beafc63ff001fea2f2fc16ec3a11834",
                "sha256:1f19ef5d3908110e1e891deefb5586aae1b49a7440db952454b4e281b41620cd",
                "sha256:1fa6058938190ebe8290e5cae6c351e14e7bb44505c4a7624555ce57fbbeba0d",
                "sha256:31cbb1359e8c25f9f48e156e59e2eaad51cd5242c05ed18a8de6dbe85184e4b7",
                "sha256:3e835d8841ae7863f64e40e19477f7eb398674da6a47f09871673742531e6f4b",
                "sha256:4e97332c9ce444b0c2c38dd22ddc61c743eb208d916e4265a2a3b575bdccb1d3",
                "sha256:525396ee324ee2da82919f2ee9c9e73b012f23e7640131dd1b53a90206a0f09c",
                "sha256:52b07fbc32032c21ad4ab060fec137b76eb804c4b9a1c7c7dc562549306afad2",
                "sha256:52ccb45e77a1085ec5461cde794e1aa037df79f473cbc69b974e73940655c8d7",
                "sha256:5c3fbebd7de20ce93103cb3183b47671f2885307df4a17a0ad56a1dd51273d36",
                "sha256:5e5851969aea17660e55f6a3be00037a25b96a9b44d2083651812c99d53b14d1",
                "sha256:5edfa27b2d3eefa2210fb2f5d539fbed81722b49f083b2c6566455eb7422fd7e",
                "sha256:7d263e5770efddf465a9e31b78362d84d015cc894ca2c131901a4445eaa61ee1",
                "sha256:83381342bfc22b3c8c06f2dd93a505413888694302de25add756254beee8449c",
                "sha256:857eebb2c1dc60e4219ec8e98dfa19553dae33608237e107db9c6078b1167856",
                "sha256:98e439297f78fca3a6169fd330fbe88d78b3bb72f967ad9961bcac0d7fdd1550",
                "sha256:bf54103892a83c64db58125b3f2a43df6d2cb2d28889f14c78519394feb41492",
                "sha256:d9ac82be533394d341b41d78aca7ed0e0f4ba5a2231602e2f05aa87f25c51672",
                "sha256:e982fe07ede9fada6ff6705af70514a52beb1b2c3d25d4e873e82114cf3c5401",
                "sha256:edce2ea7f3dfc981c4ddc97add8a61381d9642dc3273737e756517cc03e84dd6",
                "sha256:efdc45ef1afc238db84cb4963aa689c0408912a0239b0721cb172b4016eb31d6",
                "sha256:f137c02498f8b935892d5c0172560d7ab54bc45039de8805075e19079c639a9c",
                "sha256:f82e347a72f955b7017a39708a3667f106e6ad4d10b25f237396a7115d8ed5fd",
                "sha256:fb7c206e01ad85ce57feeaaa0bf784b97fa3cad0d4a5737bc5295785f5c613a1"
            ],
            "version": "==1.1.0"
        },
        "numpy": {
            "hashes": [
                "sha256:0df89ca13c25eaa1621a3f09af4c8ba20da849692dcae184cb55e80952c453fb",
                "sha256:154c35f195fd3e1fad2569930ca51907057ae35e03938f89a8aedae91dd1b7c7",
                "sha256:18e84323cdb8de3325e741a7a8dd4a82db74fde363dce32b625324c7b32aa6d7",
                "sha256:1e8956c37fc138d65ded2d96ab3949bd49038cc6e8a4494b1515b0ba88c91565",
                "sha256:23557bdbca3ccbde3abaa12a6e82299bc92d2b9139011f8c16ca1bb8c75d1e95",
                "sha256:24fd645a5e5d224aa6e39d93e4a722fafa9160154f296fd5ef9580191c755053",
                "sha256:36e36b6868e4440760d4b9b44587ea1dc1f06532858d10abba98e851e154ca70",
                "sha256:3d734559db35aa3697dadcea492a423118c5c55d176da2f3be9c98d4803fc2a7",
                "sha256:416a2070acf3a2b5d586f9a6507bb97e33574df5bd7508ea970bbf4fc563fa52",
                "sha256:4a22dc3f5221a644dfe4a63bf990052cc674ef12a157b1056969079985c92816",
                "sha256:4d8d3e5aa6087490912c14a3c10fbdd380b40b421c13920ff468163bc50e016f",
                "sha256:4f41fd159fba1245e1958a99d349df49c616b133636e0cf668f169bce2aeac2d",
                "sha256:561ef098c50f91fbac2cc9305b68c915e9eb915a74d9038ecf8af274d748f76f",
                "sha256:56994e14b386b5c0a9b875a76d22d707b315fa037affc7819cda08b6d0489756",
                "sha256:73a1f2a529604c50c262179fcca59c87a05ff4614fe8a15c186934d84d09d9a5",
                "sha256:7da99445fd890206bfcc7419f79871ba8e73d9d9e6b82fe09980bc5bb4efc35f",
                "sha256:99d59e0bcadac4aa3280616591fb7bcd560e2218f5e31d5223a2e12a1425d495",
                "sha256:a4cc09489843c70b22e8373ca3dfa52b3fab778b57cf81462f1203b0852e95e3",
                "sha256:a61dc29cfca9831a03442a21d4b5fd77e3067beca4b5f81f1a89a04a71cf93fa",
                "sha256:b1853df739b32fa913cc59ad9137caa9cc3d97ff871e2bbd89c2a2a1d4a69451",
                "sha256:b1f44c335532c0581b77491b7715a871d0dd72e97487ac0f57337ccf3ab3469b",
                "sha256:b261e0cb0d6faa8fd6863af26d30351fd2ffdb15b82e51e81e96b9e9e2e7ba16",
                "sha256:c857ae5dba375ea26a6228f98c195fec0898a0fd91bcf0e8a0cae6d9faf3eca7",
                "sha256:cf5bb4a7d53a71bb6a0144d31df784a973b36d8687d615ef6a7e9b1809917a9b",
                "sha256:db9814ff0457b46f2e1d494c1efa4111ca089e08c8b983635ebffb9c1573361f",
                "sha256:df04f4bad8a359daa2ff74f8108ea051670cafbca533bb2636c58b16e962989e",
                "sha256:ecf81720934a0e18526177e645cbd6a8a21bb0ddc887ff9738de07a1df5c6b61",
                "sha256:edfa6fba9157e0e3be0f40168eb142511012683ac3dc82420bee4a3f3981b30e"
            ],
            "version": "==1.15.4"
        },
        "pandas": {
            "hashes": [
                "sha256:11975fad9edbdb55f1a560d96f91830e83e29bed6ad5ebf506abda09818eaf60",
                "sha256:12e13d127ca1b585dd6f6840d3fe3fa6e46c36a6afe2dbc5cb0b57032c902e31",
                "sha256:1c87fcb201e1e06f66e23a61a5fea9eeebfe7204a66d99df24600e3f05168051",
                "sha256:242e9900de758e137304ad4b5663c2eff0d798c2c3b891250bd0bd97144579da",
                "sha256:26c903d0ae1542890cb9abadb4adcb18f356b14c2df46e4ff657ae640e3ac9e7",
                "sha256:2e1e88f9d3e5f107b65b59cd29f141995597b035d17cc5537e58142038942e1a",
                "sha256:31b7a48b344c14691a8e92765d4023f88902ba3e96e2e4d0364d3453cdfd50db",
                "sha256:4fd07a932b4352f8a8973761ab4e84f965bf81cc750fb38e04f01088ab901cb8",
                "sha256:5b24ca47acf69222e82530e89111dd9d14f9b970ab2cd3a1c2c78f0c4fbba4f4",
                "sha256:647b3b916cc8f6aeba240c8171be3ab799c3c1b2ea179a3be0bd2712c4237553",
                "sha256:66b060946046ca27c0e03e9bec9bba3e0b918bafff84c425ca2cc2e157ce121e",
                "sha256:6efa9fa6e1434141df8872d0fa4226fc301b17aacf37429193f9d70b426ea28f",
                "sha256:be4715c9d8367e51dbe6bc6d05e205b1ae234f0dc5465931014aa1c4af44c1ba",
                "sha256:bea90da782d8e945fccfc958585210d23de374fa9294a9481ed2abcef637ebfc",
                "sha256:d318d77ab96f66a59e792a481e2701fba879e1a453aefeebdb17444fe204d1ed",
                "sha256:d785fc08d6f4207437e900ffead930a61e634c5e4f980ba6d3dc03c9581748c7",
                "sha256:de9559287c4fe8da56e8c3878d2374abc19d1ba2b807bfa7553e912a8e5ba87c",
                "sha256:f4f98b190bb918ac0bc0e3dd2ab74ff3573da9f43106f6dba6385406912ec00f",
                "sha256:f71f1a7e2d03758f6e957896ed696254e2bc83110ddbc6942018f1a232dd9dad",
                "sha256:fb944c8f0b0ab5c1f7846c686bc4cdf8cde7224655c12edcd59d5212cd57bec0"
            ],
            "index": "pypi",
            "version": "==0.23.4"
        },
        "pillow": {
            "hashes": [
                "sha256:00203f406818c3f45d47bb8fe7e67d3feddb8dcbbd45a289a1de7dd789226360",
                "sha256:0616f800f348664e694dddb0b0c88d26761dd5e9f34e1ed7b7a7d2da14b40cb7",
                "sha256:1f7908aab90c92ad85af9d2fec5fc79456a89b3adcc26314d2cde0e238bd789e",
                "sha256:2ea3517cd5779843de8a759c2349a3cd8d3893e03ab47053b66d5ec6f8bc4f93",
                "sha256:48a9f0538c91fc136b3a576bee0e7cd174773dc9920b310c21dcb5519722e82c",
                "sha256:5280ebc42641a1283b7b1f2c20e5b936692198b9dd9995527c18b794850be1a8",
                "sha256:5e34e4b5764af65551647f5cc67cf5198c1d05621781d5173b342e5e55bf023b",
                "sha256:63b120421ab85cad909792583f83b6ca3584610c2fe70751e23f606a3c2e87f0",
                "sha256:696b5e0109fe368d0057f484e2e91717b49a03f1e310f857f133a4acec9f91dd",
                "sha256:870ed021a42b1b02b5fe4a739ea735f671a84128c0a666c705db2cb9abd528eb",
                "sha256:916da1c19e4012d06a372127d7140dae894806fad67ef44330e5600d77833581",
                "sha256:9303a289fa0811e1c6abd9ddebfc770556d7c3311cb2b32eff72164ddc49bc64",
                "sha256:9577888ecc0ad7d06c3746afaba339c94d62b59da16f7a5d1cff9e491f23dace",
                "sha256:987e1c94a33c93d9b209315bfda9faa54b8edfce6438a1e93ae866ba20de5956",
                "sha256:99a3bbdbb844f4fb5d6dd59fac836a40749781c1fa63c563bc216c27aef63f60",
                "sha256:99db8dc3097ceafbcff9cb2bff384b974795edeb11d167d391a02c7bfeeb6e16",
                "sha256:a5a96cf49eb580756a44ecf12949e52f211e20bffbf5a95760ac14b1e499cd37",
                "sha256:aa6ca3eb56704cdc0d876fc6047ffd5ee960caad52452fbee0f99908a141a0ae",
                "sha256:aade5e66795c94e4a2b2624affeea8979648d1b0ae3fcee17e74e2c647fc4a8a",
                "sha256:b78905860336c1d292409e3df6ad39cc1f1c7f0964e66844bbc2ebfca434d073",
                "sha256:b92f521cdc4e4a3041cc343625b699f20b0b5f976793fb45681aac1efda565f8",
                "sha256:bfde84bbd6ae5f782206d454b67b7ee8f7f818c29b99fd02bf022fd33bab14cb",
                "sha256:c2b62d3df80e694c0e4a0ed47754c9480521e25642251b3ab1dff050a4e60409",
                "sha256:c5e2be6c263b64f6f7656e23e18a4a9980cffc671442795682e8c4e4f815dd9f",
                "sha256:c99aa3c63104e0818ec566f8ff3942fb7c7a8f35f9912cb63fd8e12318b214b2",
                "sha256:dae06620d3978da346375ebf88b9e2dd7d151335ba668c995aea9ed07af7add4",
                "sha256:db5499d0710823fa4fb88206050d46544e8f0e0136a9a5f5570b026584c8fd74",
                "sha256:f36baafd82119c4a114b9518202f2a983819101dcc14b26e43fc12cbefdce00e",
                "sha256:f52b79c8796d81391ab295b04e520bda6feed54d54931708872e8f9ae9db0ea1",
                "sha256:ff8cff01582fa1a7e533cb97f628531c4014af4b5f38e33cdcfe5eec29b6d888"
            ],
            "version": "==5.3.0"
        },
        "plyvel": {
            "hashes": [
                "sha256:20a0a4a67d3708d0cf12042d6f44fc4a7b20102c373ef4263297d0932fe71a21",
                "sha256:64b2b53757dd810226170dda2a66600430204abaa77abac950f9d327b2c3bdd7",
                "sha256:943cf5dd52782913f423fd387c3166a55125a66c6507baeab6bc3c4ca45e9eee",
                "sha256:bc30c49fed2ba5c72a89380000e3d984d4d3568c89c1e8f83d2b5d69ae86764d",
                "sha256:c784ba0bc4f5f3216d1c284c8be1384d1f92289bd3d71433edeac72f2cef63b6",
                "sha256:d62a6f8b43002126365c304cb68dec1cda8531712ec78f6dd91c69747b0e6581",
                "sha256:d64d99fa457fbddb610516f109bd348da143f81324493a14dcb5231db06f8b91"
            ],
            "index": "pypi",
            "version": "==1.0.5"
        },
        "pyecharts": {
            "hashes": [
                "sha256:afab59d152facc9f27ad7521e0569ef9df8ac2258057697add5219d10f054f5e"
            ],
            "index": "pypi",
            "version": "==0.5.11"
        },
        "pyecharts-javascripthon": {
            "hashes": [
                "sha256:5710fe129137c1b8102ece4090e3c3e06c00ae7290ed108e774cb1663313b347",
                "sha256:d5559266d7545089843e055cb10d5779308a6e4e05641b8eea9ce2132e3d47fa"
            ],
            "version": "==0.0.6"
        },
        "pyecharts-jupyter-installer": {
            "hashes": [
                "sha256:8d00c6459bf73d7dda657f576322fd9b3b0f112e23407b819fcdb65311e588b5",
                "sha256:f2f051d0706c7a859a6359db4908d197fcb59b7d12484460af698ad6158c28f4"
            ],
            "version": "==0.0.3"
        },
        "python-dateutil": {
            "hashes": [
                "sha256:063df5763652e21de43de7d9e00ccf239f953a832941e37be541614732cdfc93",
                "sha256:88f9287c0174266bb0d8cedd395cfba9c58e87e5ad86b2ce58859bc11be3cf02"
            ],
            "version": "==2.7.5"
        },
        "pytz": {
            "hashes": [
                "sha256:31cb35c89bd7d333cd32c5f278fca91b523b0834369e757f4c5641ea252236ca",
                "sha256:8e0f8568c118d3077b46be7d654cc8167fa916092e28320cde048e54bfc9f1e6"
            ],
            "version": "==2018.7"
        },
        "six": {
            "hashes": [
                "sha256:70e8a77beed4562e7f14fe23a786b54f6296e34344c23bc42f07b15018ff98e9",
                "sha256:832dc0e10feb1aa2c68dcc57dbb658f1c7e65b9b61af69048abc87a2db00a0eb"
            ],
            "version": "==1.11.0"
        },
        "tushare": {
            "git": "https://github.com/waditu/tushare.git",
            "ref": "master"
        }
    },
    "develop": {
        "alabaster": {
            "hashes": [
                "sha256:446438bdcca0e05bd45ea2de1668c1d9b032e1a9154c2c259092d77031ddd359",
                "sha256:a661d72d58e6ea8a57f7a86e37d86716863ee5e92788398526d58b26a4e4dc02"
            ],
            "version": "==0.7.12"
        },
        "argh": {
            "hashes": [
                "sha256:a9b3aaa1904eeb78e32394cd46c6f37ac0fb4af6dc488daa58971bdc7d7fcaf3",
                "sha256:e9535b8c84dc9571a48999094fda7f33e63c3f1b74f3e5f3ac0105a58405bb65"
            ],
            "version": "==0.26.2"
        },
        "astroid": {
            "hashes": [
                "sha256:35b032003d6a863f5dcd7ec11abd5cd5893428beaa31ab164982403bcb311f22",
                "sha256:6a5d668d7dc69110de01cdf7aeec69a679ef486862a0850cc0fd5571505b6b7e"
            ],
            "version": "==2.1.0"
        },
        "autopep8": {
            "hashes": [
                "sha256:33d2b5325b7e1afb4240814fe982eea3a92ebea712869bfd08b3c0393404248c"
            ],
            "index": "pypi",
            "version": "==1.4.3"
        },
        "babel": {
            "hashes": [
                "sha256:6778d85147d5d85345c14a26aada5e478ab04e39b078b0745ee6870c2b5cf669",
                "sha256:8cba50f48c529ca3fa18cf81fa9403be176d374ac4d60738b839122dfaaa3d23"
            ],
            "version": "==2.6.0"
        },
        "bleach": {
            "hashes": [
                "sha256:48d39675b80a75f6d1c3bdbffec791cf0bbbab665cf01e20da701c77de278718",
                "sha256:73d26f018af5d5adcdabf5c1c974add4361a9c76af215fe32fdec8a6fc5fb9b9"
            ],
            "version": "==3.0.2"
        },
        "bumpversion": {
            "hashes": [
                "sha256:6744c873dd7aafc24453d8b6a1a0d6d109faf63cd0cd19cb78fd46e74932c77e",
                "sha256:6753d9ff3552013e2130f7bc03c1007e24473b4835952679653fb132367bdd57"
            ],
            "index": "pypi",
            "version": "==0.5.3"
        },
        "certifi": {
            "hashes": [
                "sha256:47f9c83ef4c0c621eaef743f133f09fa8a74a9b75f037e8624f83bd1b6626cb7",
                "sha256:993f830721089fef441cdfeb4b2c8c9df86f0c63239f06bd025a76a7daddb033"
            ],
            "version": "==2018.11.29"
        },
        "chardet": {
            "hashes": [
                "sha256:84ab92ed1c4d4f16916e05906b6b75a6c0fb5db821cc65e70cbd64a3e2a5eaae",
                "sha256:fc323ffcaeaed0e0a02bf4d117757b98aed530d9ed4531e3e15460124c106691"
            ],
            "version": "==3.0.4"
        },
        "coverage": {
            "hashes": [
                "sha256:03481e81d558d30d230bc12999e3edffe392d244349a90f4ef9b88425fac74ba",
                "sha256:0b136648de27201056c1869a6c0d4e23f464750fd9a9ba9750b8336a244429ed",
                "sha256:0bf8cbbd71adfff0ef1f3a1531e6402d13b7b01ac50a79c97ca15f030dba6306",
                "sha256:10a46017fef60e16694a30627319f38a2b9b52e90182dddb6e37dcdab0f4bf95",
                "sha256:198626739a79b09fa0a2f06e083ffd12eb55449b5f8bfdbeed1df4910b2ca640",
                "sha256:23d341cdd4a0371820eb2b0bd6b88f5003a7438bbedb33688cd33b8eae59affd",
                "sha256:28b2191e7283f4f3568962e373b47ef7f0392993bb6660d079c62bd50fe9d162",
                "sha256:2a5b73210bad5279ddb558d9a2bfedc7f4bf6ad7f3c988641d83c40293deaec1",
                "sha256:2eb564bbf7816a9d68dd3369a510be3327f1c618d2357fa6b1216994c2e3d508",
                "sha256:337ded681dd2ef9ca04ef5d93cfc87e52e09db2594c296b4a0a3662cb1b41249",
                "sha256:3a2184c6d797a125dca8367878d3b9a178b6fdd05fdc2d35d758c3006a1cd694",
                "sha256:3c79a6f7b95751cdebcd9037e4d06f8d5a9b60e4ed0cd231342aa8ad7124882a",
                "sha256:3d72c20bd105022d29b14a7d628462ebdc61de2f303322c0212a054352f3b287",
                "sha256:3eb42bf89a6be7deb64116dd1cc4b08171734d721e7a7e57ad64cc4ef29ed2f1",
                "sha256:4635a184d0bbe537aa185a34193898eee409332a8ccb27eea36f262566585000",
                "sha256:56e448f051a201c5ebbaa86a5efd0ca90d327204d8b059ab25ad0f35fbfd79f1",
                "sha256:5a13ea7911ff5e1796b6d5e4fbbf6952381a611209b736d48e675c2756f3f74e",
                "sha256:69bf008a06b76619d3c3f3b1983f5145c75a305a0fea513aca094cae5c40a8f5",
                "sha256:6bc583dc18d5979dc0f6cec26a8603129de0304d5ae1f17e57a12834e7235062",
                "sha256:701cd6093d63e6b8ad7009d8a92425428bc4d6e7ab8d75efbb665c806c1d79ba",
                "sha256:7608a3dd5d73cb06c531b8925e0ef8d3de31fed2544a7de6c63960a1e73ea4bc",
                "sha256:76ecd006d1d8f739430ec50cc872889af1f9c1b6b8f48e29941814b09b0fd3cc",
                "sha256:7aa36d2b844a3e4a4b356708d79fd2c260281a7390d678a10b91ca595ddc9e99",
                "sha256:7d3f553904b0c5c016d1dad058a7554c7ac4c91a789fca496e7d8347ad040653",
                "sha256:7e1fe19bd6dce69d9fd159d8e4a80a8f52101380d5d3a4d374b6d3eae0e5de9c",
                "sha256:8c3cb8c35ec4d9506979b4cf90ee9918bc2e49f84189d9bf5c36c0c1119c6558",
                "sha256:9d6dd10d49e01571bf6e147d3b505141ffc093a06756c60b053a859cb2128b1f",
                "sha256:be6cfcd8053d13f5f5eeb284aa8a814220c3da1b0078fa859011c7fffd86dab9",
                "sha256:c1bb572fab8208c400adaf06a8133ac0712179a334c09224fb11393e920abcdd",
                "sha256:de4418dadaa1c01d497e539210cb6baa015965526ff5afc078c57ca69160108d",
                "sha256:e05cb4d9aad6233d67e0541caa7e511fa4047ed7750ec2510d466e806e0255d6",
                "sha256:f05a636b4564104120111800021a92e43397bc12a5c72fed7036be8556e0029e",
                "sha256:f3f501f345f24383c0000395b26b726e46758b71393267aeae0bd36f8b3ade80"
            ],
            "index": "pypi",
            "version": "==4.5.1"
        },
        "docutils": {
            "hashes": [
                "sha256:02aec4bd92ab067f6ff27a38a38a41173bf01bed8f89157768c1573f53e474a6",
                "sha256:51e64ef2ebfb29cae1faa133b3710143496eca21c530f3f71424d77687764274",
                "sha256:7a4bd47eaf6596e1295ecb11361139febe29b084a87bf005bf899f9a42edc3c6"
            ],
            "version": "==0.14"
        },
        "filelock": {
            "hashes": [
                "sha256:b8d5ca5ca1c815e1574aee746650ea7301de63d87935b3463d26368b76e31633",
                "sha256:d610c1bb404daf85976d7a82eb2ada120f04671007266b708606565dd03b5be6"
            ],
            "version": "==3.0.10"
        },
        "flake8": {
            "hashes": [
                "sha256:6a35f5b8761f45c5513e3405f110a86bea57982c3b75b766ce7b65217abe1670",
                "sha256:c01f8a3963b3571a8e6bd7a4063359aff90749e160778e03817cd9b71c9e07d2"
            ],
            "index": "pypi",
            "version": "==3.6.0"
        },
        "idna": {
            "hashes": [
                "sha256:156a6814fb5ac1fc6850fb002e0852d56c0c8d2531923a51032d1b70760e186e",
                "sha256:684a38a6f903c1d71d6d5fac066b58d7768af4de2b832e426ec79c30daa94a16"
            ],
            "version": "==2.7"
        },
        "imagesize": {
            "hashes": [
                "sha256:3f349de3eb99145973fefb7dbe38554414e5c30abd0c8e4b970a7c9d09f3a1d8",
                "sha256:f3832918bc3c66617f92e35f5d70729187676313caa60c187eb0f28b8fe5e3b5"
            ],
            "version": "==1.1.0"
        },
        "isort": {
            "hashes": [
                "sha256:1153601da39a25b14ddc54955dbbacbb6b2d19135386699e2ad58517953b34af",
                "sha256:b9c40e9750f3d77e6e4d441d8b0266cf555e7cdabdcff33c4fd06366ca761ef8",
                "sha256:ec9ef8f4a9bc6f71eec99e1806bfa2de401650d996c59330782b89a5555c1497"
            ],
            "version": "==4.3.4"
        },
        "jinja2": {
            "hashes": [
                "sha256:74c935a1b8bb9a3947c50a54766a969d4846290e1e788ea44c1392163723c3bd",
                "sha256:f84be1bb0040caca4cea721fcbbbbd61f9be9464ca236387158b0feea01914a4"
            ],
            "version": "==2.10"
        },
        "lazy-object-proxy": {
            "hashes": [
                "sha256:0ce34342b419bd8f018e6666bfef729aec3edf62345a53b537a4dcc115746a33",
                "sha256:1b668120716eb7ee21d8a38815e5eb3bb8211117d9a90b0f8e21722c0758cc39",
                "sha256:209615b0fe4624d79e50220ce3310ca1a9445fd8e6d3572a896e7f9146bbf019",
                "sha256:27bf62cb2b1a2068d443ff7097ee33393f8483b570b475db8ebf7e1cba64f088",
                "sha256:27ea6fd1c02dcc78172a82fc37fcc0992a94e4cecf53cb6d73f11749825bd98b",
                "sha256:2c1b21b44ac9beb0fc848d3993924147ba45c4ebc24be19825e57aabbe74a99e",
                "sha256:2df72ab12046a3496a92476020a1a0abf78b2a7db9ff4dc2036b8dd980203ae6",
                "sha256:320ffd3de9699d3892048baee45ebfbbf9388a7d65d832d7e580243ade426d2b",
                "sha256:50e3b9a464d5d08cc5227413db0d1c4707b6172e4d4d915c1c70e4de0bbff1f5",
                "sha256:5276db7ff62bb7b52f77f1f51ed58850e315154249aceb42e7f4c611f0f847ff",
                "sha256:61a6cf00dcb1a7f0c773ed4acc509cb636af2d6337a08f362413c76b2b47a8dd",
                "sha256:6ae6c4cb59f199d8827c5a07546b2ab7e85d262acaccaacd49b62f53f7c456f7",
                "sha256:7661d401d60d8bf15bb5da39e4dd72f5d764c5aff5a86ef52a042506e3e970ff",
                "sha256:7bd527f36a605c914efca5d3d014170b2cb184723e423d26b1fb2fd9108e264d",
                "sha256:7cb54db3535c8686ea12e9535eb087d32421184eacc6939ef15ef50f83a5e7e2",
                "sha256:7f3a2d740291f7f2c111d86a1c4851b70fb000a6c8883a59660d95ad57b9df35",
                "sha256:81304b7d8e9c824d058087dcb89144842c8e0dea6d281c031f59f0acf66963d4",
                "sha256:933947e8b4fbe617a51528b09851685138b49d511af0b6c0da2539115d6d4514",
                "sha256:94223d7f060301b3a8c09c9b3bc3294b56b2188e7d8179c762a1cda72c979252",
                "sha256:ab3ca49afcb47058393b0122428358d2fbe0408cf99f1b58b295cfeb4ed39109",
                "sha256:bd6292f565ca46dee4e737ebcc20742e3b5be2b01556dafe169f6c65d088875f",
                "sha256:cb924aa3e4a3fb644d0c463cad5bc2572649a6a3f68a7f8e4fbe44aaa6d77e4c",
                "sha256:d0fc7a286feac9077ec52a927fc9fe8fe2fabab95426722be4c953c9a8bede92",
                "sha256:ddc34786490a6e4ec0a855d401034cbd1242ef186c20d79d2166d6a4bd449577",
                "sha256:e34b155e36fa9da7e1b7c738ed7767fc9491a62ec6af70fe9da4a057759edc2d",
                "sha256:e5b9e8f6bda48460b7b143c3821b21b452cb3a835e6bbd5dd33aa0c8d3f5137d",
                "sha256:e81ebf6c5ee9684be8f2c87563880f93eedd56dd2b6146d8a725b50b7e5adb0f",
                "sha256:eb91be369f945f10d3a49f5f9be8b3d0b93a4c2be8f8a5b83b0571b8123e0a7a",
                "sha256:f460d1ceb0e4a5dcb2a652db0904224f367c9b3c1470d5a7683c0480e582468b"
            ],
            "version": "==1.3.1"
        },
        "markupsafe": {
            "hashes": [
                "sha256:048ef924c1623740e70204aa7143ec592504045ae4429b59c30054cb31e3c432",
                "sha256:130f844e7f5bdd8e9f3f42e7102ef1d49b2e6fdf0d7526df3f87281a532d8c8b",
                "sha256:19f637c2ac5ae9da8bfd98cef74d64b7e1bb8a63038a3505cd182c3fac5eb4d9",
                "sha256:1b8a7a87ad1b92bd887568ce54b23565f3fd7018c4180136e1cf412b405a47af",
                "sha256:1c25694ca680b6919de53a4bb3bdd0602beafc63ff001fea2f2fc16ec3a11834",
                "sha256:1f19ef5d3908110e1e891deefb5586aae1b49a7440db952454b4e281b41620cd",
                "sha256:1fa6058938190ebe8290e5cae6c351e14e7bb44505c4a7624555ce57fbbeba0d",
                "sha256:31cbb1359e8c25f9f48e156e59e2eaad51cd5242c05ed18a8de6dbe85184e4b7",
                "sha256:3e835d8841ae7863f64e40e19477f7eb398674da6a47f09871673742531e6f4b",
                "sha256:4e97332c9ce444b0c2c38dd22ddc61c743eb208d916e4265a2a3b575bdccb1d3",
                "sha256:525396ee324ee2da82919f2ee9c9e73b012f23e7640131dd1b53a90206a0f09c",
                "sha256:52b07fbc32032c21ad4ab060fec137b76eb804c4b9a1c7c7dc562549306afad2",
                "sha256:52ccb45e77a1085ec5461cde794e1aa037df79f473cbc69b974e73940655c8d7",
                "sha256:5c3fbebd7de20ce93103cb3183b47671f2885307df4a17a0ad56a1dd51273d36",
                "sha256:5e5851969aea17660e55f6a3be00037a25b96a9b44d2083651812c99d53b14d1",
                "sha256:5edfa27b2d3eefa2210fb2f5d539fbed81722b49f083b2c6566455eb7422fd7e",
                "sha256:7d263e5770efddf465a9e31b78362d84d015cc894ca2c131901a4445eaa61ee1",
                "sha256:83381342bfc22b3c8c06f2dd93a505413888694302de25add756254beee8449c",
                "sha256:857eebb2c1dc60e4219ec8e98dfa19553dae33608237e107db9c6078b1167856",
                "sha256:98e439297f78fca3a6169fd330fbe88d78b3bb72f967ad9961bcac0d7fdd1550",
                "sha256:bf54103892a83c64db58125b3f2a43df6d2cb2d28889f14c78519394feb41492",
                "sha256:d9ac82be533394d341b41d78aca7ed0e0f4ba5a2231602e2f05aa87f25c51672",
                "sha256:e982fe07ede9fada6ff6705af70514a52beb1b2c3d25d4e873e82114cf3c5401",
                "sha256:edce2ea7f3dfc981c4ddc97add8a61381d9642dc3273737e756517cc03e84dd6",
                "sha256:efdc45ef1afc238db84cb4963aa689c0408912a0239b0721cb172b4016eb31d6",
                "sha256:f137c02498f8b935892d5c0172560d7ab54bc45039de8805075e19079c639a9c",
                "sha256:f82e347a72f955b7017a39708a3667f106e6ad4d10b25f237396a7115d8ed5fd",
                "sha256:fb7c206e01ad85ce57feeaaa0bf784b97fa3cad0d4a5737bc5295785f5c613a1"
            ],
            "version": "==1.1.0"
        },
        "mccabe": {
            "hashes": [
                "sha256:ab8a6258860da4b6677da4bd2fe5dc2c659cff31b3ee4f7f5d64e79735b80d42",
                "sha256:dd8d182285a0fe56bace7f45b5e7d1a6ebcbf524e8f3bd87eb0f125271b8831f"
            ],
            "version": "==0.6.1"
        },
        "packaging": {
            "hashes": [
                "sha256:0886227f54515e592aaa2e5a553332c73962917f2831f1b0f9b9f4380a4b9807",
                "sha256:f95a1e147590f204328170981833854229bb2912ac3d5f89e2a8ccd2834800c9"
            ],
            "version": "==18.0"
        },
        "pathtools": {
            "hashes": [
                "sha256:7c35c5421a39bb82e58018febd90e3b6e5db34c5443aaaf742b3f33d4655f1c0"
            ],
            "version": "==0.1.2"
        },
        "pkginfo": {
            "hashes": [
                "sha256:5878d542a4b3f237e359926384f1dde4e099c9f5525d236b1840cf704fa8d474",
                "sha256:a39076cb3eb34c333a0dd390b568e9e1e881c7bf2cc0aee12120636816f55aee"
            ],
            "version": "==1.4.2"
        },
        "pluggy": {
            "hashes": [
                "sha256:447ba94990e8014ee25ec853339faf7b0fc8050cdc3289d4d71f7f410fb90095",
                "sha256:bde19360a8ec4dfd8a20dcb811780a30998101f078fc7ded6162f0076f50508f"
            ],
            "version": "==0.8.0"
        },
        "py": {
            "hashes": [
                "sha256:bf92637198836372b520efcba9e020c330123be8ce527e535d185ed4b6f45694",
                "sha256:e76826342cefe3c3d5f7e8ee4316b80d1dd8a300781612ddbc765c17ba25a6c6"
            ],
            "version": "==1.7.0"
        },
        "pycodestyle": {
            "hashes": [
                "sha256:cbc619d09254895b0d12c2c691e237b2e91e9b2ecf5e84c26b35400f93dcfb83",
                "sha256:cbfca99bd594a10f674d0cd97a3d802a1fdef635d4361e1a2658de47ed261e3a"
            ],
            "version": "==2.4.0"
        },
        "pyflakes": {
            "hashes": [
                "sha256:9a7662ec724d0120012f6e29d6248ae3727d821bba522a0e6b356eff19126a49",
                "sha256:f661252913bc1dbe7fcfcbf0af0db3f42ab65aabd1a6ca68fe5d466bace94dae"
            ],
            "version": "==2.0.0"
        },
        "pygments": {
            "hashes": [
                "sha256:6301ecb0997a52d2d31385e62d0a4a4cf18d2f2da7054a5ddad5c366cd39cee7",
                "sha256:82666aac15622bd7bb685a4ee7f6625dd716da3ef7473620c192c0168aae64fc"
            ],
            "version": "==2.3.0"
        },
        "pylint": {
            "hashes": [
                "sha256:689de29ae747642ab230c6d37be2b969bf75663176658851f456619aacf27492",
                "sha256:771467c434d0d9f081741fec1d64dfb011ed26e65e12a28fe06ca2f61c4d556c"
            ],
            "index": "pypi",
            "version": "==2.2.2"
        },
        "pyparsing": {
            "hashes": [
                "sha256:40856e74d4987de5d01761a22d1621ae1c7f8774585acae358aa5c5936c6c90b",
                "sha256:f353aab21fd474459d97b709e527b5571314ee5f067441dc9f88e33eecd96592"
            ],
            "version": "==2.3.0"
        },
        "pytz": {
            "hashes": [
                "sha256:31cb35c89bd7d333cd32c5f278fca91b523b0834369e757f4c5641ea252236ca",
                "sha256:8e0f8568c118d3077b46be7d654cc8167fa916092e28320cde048e54bfc9f1e6"
            ],
            "version": "==2018.7"
        },
        "pyyaml": {
            "hashes": [
                "sha256:3d7da3009c0f3e783b2c873687652d83b1bbfd5c88e9813fb7e5b03c0dd3108b",
                "sha256:3ef3092145e9b70e3ddd2c7ad59bdd0252a94dfe3949721633e41344de00a6bf",
                "sha256:40c71b8e076d0550b2e6380bada1f1cd1017b882f7e16f09a65be98e017f211a",
                "sha256:558dd60b890ba8fd982e05941927a3911dc409a63dcb8b634feaa0cda69330d3",
                "sha256:a7c28b45d9f99102fa092bb213aa12e0aaf9a6a1f5e395d36166639c1f96c3a1",
                "sha256:aa7dd4a6a427aed7df6fb7f08a580d68d9b118d90310374716ae90b710280af1",
                "sha256:bc558586e6045763782014934bfaf39d48b8ae85a2713117d16c39864085c613",
                "sha256:d46d7982b62e0729ad0175a9bc7e10a566fc07b224d2c79fafb5e032727eaa04",
                "sha256:d5eef459e30b09f5a098b9cea68bebfeb268697f78d647bd255a085371ac7f3f",
                "sha256:e01d3203230e1786cd91ccfdc8f8454c8069c91bee3962ad93b87a4b2860f537",
                "sha256:e170a9e6fcfd19021dd29845af83bb79236068bf5fd4df3327c1be18182b2531"
            ],
            "version": "==3.13"
        },
        "readme-renderer": {
            "hashes": [
                "sha256:bb16f55b259f27f75f640acf5e00cf897845a8b3e4731b5c1a436e4b8529202f",
                "sha256:c8532b79afc0375a85f10433eca157d6b50f7d6990f337fa498c96cd4bfc203d"
            ],
            "version": "==24.0"
        },
        "requests": {
            "hashes": [
                "sha256:65b3a120e4329e33c9889db89c80976c5272f56ea92d3e74da8a463992e3ff54",
                "sha256:ea881206e59f41dbd0bd445437d792e43906703fff75ca8ff43ccdb11f33f263"
            ],
            "version": "==2.20.1"
        },
        "requests-toolbelt": {
            "hashes": [
                "sha256:42c9c170abc2cacb78b8ab23ac957945c7716249206f90874651971a4acff237",
                "sha256:f6a531936c6fa4c6cfce1b9c10d5c4f498d16528d2a54a22ca00011205a187b5"
            ],
            "version": "==0.8.0"
        },
        "rope": {
            "hashes": [
                "sha256:a108c445e1cd897fe19272ab7877d172e7faf3d4148c80e7d20faba42ea8f7b2"
            ],
            "index": "pypi",
            "version": "==0.11.0"
        },
        "six": {
            "hashes": [
                "sha256:70e8a77beed4562e7f14fe23a786b54f6296e34344c23bc42f07b15018ff98e9",
                "sha256:832dc0e10feb1aa2c68dcc57dbb658f1c7e65b9b61af69048abc87a2db00a0eb"
            ],
            "version": "==1.11.0"
        },
        "snowballstemmer": {
            "hashes": [
                "sha256:919f26a68b2c17a7634da993d91339e288964f93c274f1343e3bbbe2096e1128",
                "sha256:9f3bcd3c401c3e862ec0ebe6d2c069ebc012ce142cce209c098ccb5b09136e89"
            ],
            "version": "==1.2.1"
        },
        "sphinx": {
            "hashes": [
                "sha256:652eb8c566f18823a022bb4b6dbc868d366df332a11a0226b5bc3a798a479f17",
                "sha256:d222626d8356de702431e813a05c68a35967e3d66c6cd1c2c89539bb179a7464"
            ],
            "index": "pypi",
            "version": "==1.8.1"
        },
        "sphinxcontrib-websupport": {
            "hashes": [
                "sha256:68ca7ff70785cbe1e7bccc71a48b5b6d965d79ca50629606c7861a21b206d9dd",
                "sha256:9de47f375baf1ea07cdb3436ff39d7a9c76042c10a769c52353ec46e4e8fc3b9"
            ],
            "version": "==1.1.0"
        },
        "toml": {
            "hashes": [
                "sha256:229f81c57791a41d65e399fc06bf0848bab550a9dfd5ed66df18ce5f05e73d5c",
                "sha256:235682dd292d5899d361a811df37e04a8828a5b1da3115886b73cf81ebc9100e"
            ],
            "version": "==0.10.0"
        },
        "tox": {
            "hashes": [
                "sha256:217fb84aecf9792a98f93f07cfcaf014205a76c64e52bd7c2b4135458e6ad2a1",
                "sha256:4baeb3d8ebdcd9f43afce38aa67d06f1165a87d221d5bb21e8b39a0d4880c134"
            ],
            "index": "pypi",
            "version": "==3.5.2"
        },
        "tqdm": {
            "hashes": [
                "sha256:3c4d4a5a41ef162dd61f1edb86b0e1c7859054ab656b2e7c7b77e7fbf6d9f392",
                "sha256:5b4d5549984503050883bc126280b386f5f4ca87e6c023c5d015655ad75bdebb"
            ],
            "version": "==4.28.1"
        },
        "twine": {
            "hashes": [
                "sha256:7d89bc6acafb31d124e6e5b295ef26ac77030bf098960c2a4c4e058335827c5c",
                "sha256:fad6f1251195f7ddd1460cb76d6ea106c93adb4e56c41e0da79658e56e547d2c"
            ],
            "index": "pypi",
            "version": "==1.12.1"
        },
        "typed-ast": {
            "hashes": [
                "sha256:0948004fa228ae071054f5208840a1e88747a357ec1101c17217bfe99b299d58",
                "sha256:10703d3cec8dcd9eef5a630a04056bbc898abc19bac5691612acba7d1325b66d",
                "sha256:1f6c4bd0bdc0f14246fd41262df7dfc018d65bb05f6e16390b7ea26ca454a291",
                "sha256:25d8feefe27eb0303b73545416b13d108c6067b846b543738a25ff304824ed9a",
                "sha256:29464a177d56e4e055b5f7b629935af7f49c196be47528cc94e0a7bf83fbc2b9",
                "sha256:2e214b72168ea0275efd6c884b114ab42e316de3ffa125b267e732ed2abda892",
                "sha256:3e0d5e48e3a23e9a4d1a9f698e32a542a4a288c871d33ed8df1b092a40f3a0f9",
                "sha256:519425deca5c2b2bdac49f77b2c5625781abbaf9a809d727d3a5596b30bb4ded",
                "sha256:57fe287f0cdd9ceaf69e7b71a2e94a24b5d268b35df251a88fef5cc241bf73aa",
                "sha256:668d0cec391d9aed1c6a388b0d5b97cd22e6073eaa5fbaa6d2946603b4871efe",
                "sha256:68ba70684990f59497680ff90d18e756a47bf4863c604098f10de9716b2c0bdd",
                "sha256:6de012d2b166fe7a4cdf505eee3aaa12192f7ba365beeefaca4ec10e31241a85",
                "sha256:79b91ebe5a28d349b6d0d323023350133e927b4de5b651a8aa2db69c761420c6",
                "sha256:8550177fa5d4c1f09b5e5f524411c44633c80ec69b24e0e98906dd761941ca46",
                "sha256:898f818399cafcdb93cbbe15fc83a33d05f18e29fb498ddc09b0214cdfc7cd51",
                "sha256:94b091dc0f19291adcb279a108f5d38de2430411068b219f41b343c03b28fb1f",
                "sha256:a26863198902cda15ab4503991e8cf1ca874219e0118cbf07c126bce7c4db129",
                "sha256:a8034021801bc0440f2e027c354b4eafd95891b573e12ff0418dec385c76785c",
                "sha256:bc978ac17468fe868ee589c795d06777f75496b1ed576d308002c8a5756fb9ea",
                "sha256:c05b41bc1deade9f90ddc5d988fe506208019ebba9f2578c622516fd201f5863",
                "sha256:c9b060bd1e5a26ab6e8267fd46fc9e02b54eb15fffb16d112d4c7b1c12987559",
                "sha256:edb04bdd45bfd76c8292c4d9654568efaedf76fe78eb246dde69bdb13b2dad87",
                "sha256:f19f2a4f547505fe9072e15f6f4ae714af51b5a681a97f187971f50c283193b6"
            ],
            "markers": "python_version < '3.7' and implementation_name == 'cpython'",
            "version": "==1.1.0"
        },
        "urllib3": {
            "hashes": [
                "sha256:61bf29cada3fc2fbefad4fdf059ea4bd1b4a86d2b6d15e1c7c0b582b9752fe39",
                "sha256:de9529817c93f27c8ccbfead6985011db27bd0ddfcdb2d86f3f663385c6a9c22"
            ],
            "version": "==1.24.1"
        },
        "virtualenv": {
            "hashes": [
                "sha256:686176c23a538ecc56d27ed9d5217abd34644823d6391cbeb232f42bf722baad",
                "sha256:f899fafcd92e1150f40c8215328be38ff24b519cd95357fa6e78e006c7638208"
            ],
            "version": "==16.1.0"
        },
        "watchdog": {
            "hashes": [
                "sha256:965f658d0732de3188211932aeb0bb457587f04f63ab4c1e33eab878e9de961d"
            ],
            "index": "pypi",
            "version": "==0.9.0"
        },
        "webencodings": {
            "hashes": [
                "sha256:a0af1213f3c2226497a97e2b3aa01a7e4bee4f403f95be16fc9acd2947514a78",
                "sha256:b36a1c245f2d304965eb4e0a82848379241dc04b865afcc4aab16748587e1923"
            ],
            "version": "==0.5.1"
        },
        "wheel": {
            "hashes": [
                "sha256:9fa1f772f1a2df2bd00ddb4fa57e1cc349301e1facb98fbe62329803a9ff1196",
                "sha256:d215f4520a1ba1851a3c00ba2b4122665cd3d6b0834d2ba2816198b1e3024a0e"
            ],
            "index": "pypi",
            "version": "==0.32.1"
        },
        "wrapt": {
            "hashes": [
                "sha256:d4d560d479f2c21e1b5443bbd15fe7ec4b37fe7e53d335d3b9b0a7b1226fe3c6"
            ],
            "version": "==1.10.11"
        }
    }
}
